
Microsoft Visual Studio Solution File, Format Version 12.00
# Visual Studio Version 17
VisualStudioVersion = 17.8.34309.116
MinimumVisualStudioVersion = 10.0.40219.1
Project("{FAE04EC0-301F-11D3-BF4B-00C04F79EFBC}") = "Lamacoid Creator", "Lamacoid Creator\Lamacoid Creator.csproj", "{BCA4C709-7839-4123-AB8A-408EA4E45671}"
EndProject
Global
	GlobalSection(SolutionConfigurationPlatforms) = preSolution
		Debug|Any CPU = Debug|Any CPU
		Release|Any CPU = Release|Any CPU
	EndGlobalSection
	GlobalSection(ProjectConfigurationPlatforms) = postSolution
		{BCA4C709-7839-4123-AB8A-408EA4E45671}.Debug|Any CPU.ActiveCfg = Debug|Any CPU
		{BCA4C709-7839-4123-AB8A-408EA4E45671}.Debug|Any CPU.Build.0 = Debug|Any CPU
		{BCA4C709-7839-4123-AB8A-408EA4E45671}.Release|Any CPU.ActiveCfg = Release|Any CPU
		{BCA4C709-7839-4123-AB8A-408EA4E45671}.Release|Any CPU.Build.0 = Release|Any CPU
	EndGlobalSection
	GlobalSection(SolutionProperties) = preSolution
		HideSolutionNode = FALSE
	EndGlobalSection
	GlobalSection(ExtensibilityGlobals) = postSolution
		SolutionGuid = {FBCE627D-E5BF-443F-8886-B943574F6C8A}
	EndGlobalSection
EndGlobal
